// !$*UTF8*$!
{
	archiveVersion = 1;
	classes = {
	};
	objectVersion = 46;
	objects = {

/* Begin PBXBuildFile section */
		54CB65F11DA88F4F00367EC4 /* main.m in Sources */ = {isa = PBXBuildFile; fileRef = 54CB65F01DA88F4F00367EC4 /* main.m */; };
		54CB65F41DA88F4F00367EC4 /* AppDelegate.m in Sources */ = {isa = PBXBuildFile; fileRef = 54CB65F31DA88F4F00367EC4 /* AppDelegate.m */; };
		54CB65F71DA88F4F00367EC4 /* ViewController.m in Sources */ = {isa = PBXBuildFile; fileRef = 54CB65F61DA88F4F00367EC4 /* ViewController.m */; };
		54CB65FA1DA88F4F00367EC4 /* Main.storyboard in Resources */ = {isa = PBXBuildFile; fileRef = 54CB65F81DA88F4F00367EC4 /* Main.storyboard */; };
		54CB65FC1DA88F4F00367EC4 /* Assets.xcassets in Resources */ = {isa = PBXBuildFile; fileRef = 54CB65FB1DA88F4F00367EC4 /* Assets.xcassets */; };
		54CB65FF1DA88F4F00367EC4 /* LaunchScreen.storyboard in Resources */ = {isa = PBXBuildFile; fileRef = 54CB65FD1DA88F4F00367EC4 /* LaunchScreen.storyboard */; };
		54CB660A1DA88F4F00367EC4 /* weekdayTests.m in Sources */ = {isa = PBXBuildFile; fileRef = 54CB66091DA88F4F00367EC4 /* weekdayTests.m */; };
		54CB66151DA88F4F00367EC4 /* weekdayUITests.m in Sources */ = {isa = PBXBuildFile; fileRef = 54CB66141DA88F4F00367EC4 /* weekdayUITests.m */; };
/* End PBXBuildFile section */

/* Begin PBXContainerItemProxy section */
		54CB66061DA88F4F00367EC4 /* PBXContainerItemProxy */ = {
			isa = PBXContainerItemProxy;
			containerPortal = 54CB65E41DA88F4F00367EC4 /* Project object */;
			proxyType = 1;
			remoteGlobalIDString = 54CB65EB1DA88F4F00367EC4;
			remoteInfo = weekday;
		};
		54CB66111DA88F4F00367EC4 /* PBXContainerItemProxy */ = {
			isa = PBXContainerItemProxy;
			containerPortal = 54CB65E41DA88F4F00367EC4 /* Project object */;
			proxyType = 1;
			remoteGlobalIDString = 54CB65EB1DA88F4F00367EC4;
			remoteInfo = weekday;
		};
/* End PBXContainerItemProxy section */

/* Begin PBXFileReference section */
		54CB65EC1DA88F4F00367EC4 /* weekday.app */ = {isa = PBXFileReference; explicitFileType = wrapper.application; includeInIndex = 0; path = weekday.app; sourceTree = BUILT_PRODUCTS_DIR; };
		54CB65F01DA88F4F00367EC4 /* main.m */ = {isa = PBXFileReference; lastKnownFileType = sourcecode.c.objc; path = main.m; sourceTree = "<group>"; };
		54CB65F21DA88F4F00367EC4 /* AppDelegate.h */ = {isa = PBXFileReference; lastKnownFileType = sourcecode.c.h; path = AppDelegate.h; sourceTree = "<group>"; };
		54CB65F31DA88F4F00367EC4 /* AppDelegate.m */ = {isa = PBXFileReference; lastKnownFileType = sourcecode.c.objc; path = AppDelegate.m; sourceTree = "<group>"; };
		54CB65F51DA88F4F00367EC4 /* ViewController.h */ = {isa = PBXFileReference; lastKnownFileType = sourcecode.c.h; path = ViewController.h; sourceTree = "<group>"; };
		54CB65F61DA88F4F00367EC4 /* ViewController.m */ = {isa = PBXFileReference; lastKnownFileType = sourcecode.c.objc; path = ViewController.m; sourceTree = "<group>"; };
		54CB65F91DA88F4F00367EC4 /* Base */ = {isa = PBXFileReference; lastKnownFileType = file.storyboard; name = Base; path = Base.lproj/Main.storyboard; sourceTree = "<group>"; };
		54CB65FB1DA88F4F00367EC4 /* Assets.xcassets */ = {isa = PBXFileReference; lastKnownFileType = folder.assetcatalog; path = Assets.xcassets; sourceTree = "<group>"; };
		54CB65FE1DA88F4F00367EC4 /* Base */ = {isa = PBXFileReference; lastKnownFileType = file.storyboard; name = Base; path = Base.lproj/LaunchScreen.storyboard; sourceTree = "<group>"; };
		54CB66001DA88F4F00367EC4 /* Info.plist */ = {isa = PBXFileReference; lastKnownFileType = text.plist.xml; path = Info.plist; sourceTree = "<group>"; };
		54CB66051DA88F4F00367EC4 /* weekdayTests.xctest */ = {isa = PBXFileReference; explicitFileType = wrapper.cfbundle; includeInIndex = 0; path = weekdayTests.xctest; sourceTree = BUILT_PRODUCTS_DIR; };
		54CB66091DA88F4F00367EC4 /* weekdayTests.m */ = {isa = PBXFileReference; lastKnownFileType = sourcecode.c.objc; path = weekdayTests.m; sourceTree = "<group>"; };
		54CB660B1DA88F4F00367EC4 /* Info.plist */ = {isa = PBXFileReference; lastKnownFileType = text.plist.xml; path = Info.plist; sourceTree = "<group>"; };
		54CB66101DA88F4F00367EC4 /* weekdayUITests.xctest */ = {isa = PBXFileReference; explicitFileType = wrapper.cfbundle; includeInIndex = 0; path = weekdayUITests.xctest; sourceTree = BUILT_PRODUCTS_DIR; };
		54CB66141DA88F4F00367EC4 /* weekdayUITests.m */ = {isa = PBXFileReference; lastKnownFileType = sourcecode.c.objc; path = weekdayUITests.m; sourceTree = "<group>"; };
		54CB66161DA88F4F00367EC4 /* Info.plist */ = {isa = PBXFileReference; lastKnownFileType = text.plist.xml; path = Info.plist; sourceTree = "<group>"; };
/* End PBXFileReference section */

/* Begin PBXFrameworksBuildPhase section */
		54CB65E91DA88F4F00367EC4 /* Frameworks */ = {
			isa = PBXFrameworksBuildPhase;
			buildActionMask = 2147483647;
			files = (
			);
			runOnlyForDeploymentPostprocessing = 0;
		};
		54CB66021DA88F4F00367EC4 /* Frameworks */ = {
			isa = PBXFrameworksBuildPhase;
			buildActionMask = 2147483647;
			files = (
			);
			runOnlyForDeploymentPostprocessing = 0;
		};
		54CB660D1DA88F4F00367EC4 /* Frameworks */ = {
			isa = PBXFrameworksBuildPhase;
			buildActionMask = 2147483647;
			files = (
			);
			runOnlyForDeploymentPostprocessing = 0;
		};
/* End PBXFrameworksBuildPhase section */

/* Begin PBXGroup section */
		54CB65E31DA88F4F00367EC4 = {
			isa = PBXGroup;
			children = (
				54CB65EE1DA88F4F00367EC4 /* weekday */,
				54CB66081DA88F4F00367EC4 /* weekdayTests */,
				54CB66131DA88F4F00367EC4 /* weekdayUITests */,
				54CB65ED1DA88F4F00367EC4 /* Products */,
			);
			sourceTree = "<group>";
		};
		54CB65ED1DA88F4F00367EC4 /* Products */ = {
			isa = PBXGroup;
			children = (
				54CB65EC1DA88F4F00367EC4 /* weekday.app */,
				54CB66051DA88F4F00367EC4 /* weekdayTests.xctest */,
				54CB66101DA88F4F00367EC4 /* weekdayUITests.xctest */,
			);
			name = Products;
			sourceTree = "<group>";
		};
		54CB65EE1DA88F4F00367EC4 /* weekday */ = {
			isa = PBXGroup;
			children = (
				54CB65F21DA88F4F00367EC4 /* AppDelegate.h */,
				54CB65F31DA88F4F00367EC4 /* AppDelegate.m */,
				54CB65F51DA88F4F00367EC4 /* ViewController.h */,
				54CB65F61DA88F4F00367EC4 /* ViewController.m */,
				54CB65F81DA88F4F00367EC4 /* Main.storyboard */,
				54CB65FB1DA88F4F00367EC4 /* Assets.xcassets */,
				54CB65FD1DA88F4F00367EC4 /* LaunchScreen.storyboard */,
				54CB66001DA88F4F00367EC4 /* Info.plist */,
				54CB65EF1DA88F4F00367EC4 /* Supporting Files */,
			);
			path = weekday;
			sourceTree = "<group>";
		};
		54CB65EF1DA88F4F00367EC4 /* Supporting Files */ = {
			isa = PBXGroup;
			children = (
				54CB65F01DA88F4F00367EC4 /* main.m */,
			);
			name = "Supporting Files";
			sourceTree = "<group>";
		};
		54CB66081DA88F4F00367EC4 /* weekdayTests */ = {
			isa = PBXGroup;
			children = (
				54CB66091DA88F4F00367EC4 /* weekdayTests.m */,
				54CB660B1DA88F4F00367EC4 /* Info.plist */,
			);
			path = weekdayTests;
			sourceTree = "<group>";
		};
		54CB66131DA88F4F00367EC4 /* weekdayUITests */ = {
			isa = PBXGroup;
			children = (
				54CB66141DA88F4F00367EC4 /* weekdayUITests.m */,
				54CB66161DA88F4F00367EC4 /* Info.plist */,
			);
			path = weekdayUITests;
			sourceTree = "<group>";
		};
/* End PBXGroup section */

/* Begin PBXNativeTarget section */
		54CB65EB1DA88F4F00367EC4 /* weekday */ = {
			isa = PBXNativeTarget;
			buildConfigurationList = 54CB66191DA88F4F00367EC4 /* Build configuration list for PBXNativeTarget "weekday" */;
			buildPhases = (
				54CB65E81DA88F4F00367EC4 /* Sources */,
				54CB65E91DA88F4F00367EC4 /* Frameworks */,
				54CB65EA1DA88F4F00367EC4 /* Resources */,
			);
			buildRules = (
			);
			dependencies = (
			);
			name = weekday;
			productName = weekday;
			productReference = 54CB65EC1DA88F4F00367EC4 /* weekday.app */;
			productType = "com.apple.product-type.application";
		};
		54CB66041DA88F4F00367EC4 /* weekdayTests */ = {
			isa = PBXNativeTarget;
			buildConfigurationList = 54CB661C1DA88F4F00367EC4 /* Build configuration list for PBXNativeTarget "weekdayTests" */;
			buildPhases = (
				54CB66011DA88F4F00367EC4 /* Sources */,
				54CB66021DA88F4F00367EC4 /* Frameworks */,
				54CB66031DA88F4F00367EC4 /* Resources */,
			);
			buildRules = (
			);
			dependencies = (
				54CB66071DA88F4F00367EC4 /* PBXTargetDependency */,
			);
			name = weekdayTests;
			productName = weekdayTests;
			productReference = 54CB66051DA88F4F00367EC4 /* weekdayTests.xctest */;
			productType = "com.apple.product-type.bundle.unit-test";
		};
		54CB660F1DA88F4F00367EC4 /* weekdayUITests */ = {
			isa = PBXNativeTarget;
			buildConfigurationList = 54CB661F1DA88F4F00367EC4 /* Build configuration list for PBXNativeTarget "weekdayUITests" */;
			buildPhases = (
				54CB660C1DA88F4F00367EC4 /* Sources */,
				54CB660D1DA88F4F00367EC4 /* Frameworks */,
				54CB660E1DA88F4F00367EC4 /* Resources */,
			);
			buildRules = (
			);
			dependencies = (
				54CB66121DA88F4F00367EC4 /* PBXTargetDependency */,
			);
			name = weekdayUITests;
			productName = weekdayUITests;
			productReference = 54CB66101DA88F4F00367EC4 /* weekdayUITests.xctest */;
			productType = "com.apple.product-type.bundle.ui-testing";
		};
/* End PBXNativeTarget section */

/* Begin PBXProject section */
		54CB65E41DA88F4F00367EC4 /* Project object */ = {
			isa = PBXProject;
			attributes = {
				LastUpgradeCheck = 0800;
				ORGANIZATIONNAME = "cbl－　点硕";
				TargetAttributes = {
					54CB65EB1DA88F4F00367EC4 = {
						CreatedOnToolsVersion = 8.0;
						DevelopmentTeam = X7GF9H7LXU;
						ProvisioningStyle = Automatic;
					};
					54CB66041DA88F4F00367EC4 = {
						CreatedOnToolsVersion = 8.0;
						DevelopmentTeam = X7GF9H7LXU;
						ProvisioningStyle = Automatic;
						TestTargetID = 54CB65EB1DA88F4F00367EC4;
					};
					54CB660F1DA88F4F00367EC4 = {
						CreatedOnToolsVersion = 8.0;
						DevelopmentTeam = X7GF9H7LXU;
						ProvisioningStyle = Automatic;
						TestTargetID = 54CB65EB1DA88F4F00367EC4;
					};
				};
			};
			buildConfigurationList = 54CB65E71DA88F4F00367EC4 /* Build configuration list for PBXProject "weekday" */;
			compatibilityVersion = "Xcode 3.2";
			developmentRegion = English;
			hasScannedForEncodings = 0;
			knownRegions = (
				en,
				Base,
			);
			mainGroup = 54CB65E31DA88F4F00367EC4;
			productRefGroup = 54CB65ED1DA88F4F00367EC4 /* Products */;
			projectDirPath = "";
			projectRoot = "";
			targets = (
				54CB65EB1DA88F4F00367EC4 /* weekday */,
				54CB66041DA88F4F00367EC4 /* weekdayTests */,
				54CB660F1DA88F4F00367EC4 /* weekdayUITests */,
			);
		};
/* End PBXProject section */

/* Begin PBXResourcesBuildPhase section */
		54CB65EA1DA88F4F00367EC4 /* Resources */ = {
			isa = PBXResourcesBuildPhase;
			buildActionMask = 2147483647;
			files = (
				54CB65FF1DA88F4F00367EC4 /* LaunchScreen.storyboard in Resources */,
				54CB65FC1DA88F4F00367EC4 /* Assets.xcassets in Resources */,
				54CB65FA1DA88F4F00367EC4 /* Main.storyboard in Resources */,
			);
			runOnlyForDeploymentPostprocessing = 0;
		};
		54CB66031DA88F4F00367EC4 /* Resources */ = {
			isa = PBXResourcesBuildPhase;
			buildActionMask = 2147483647;
			files = (
			);
			runOnlyForDeploymentPostprocessing = 0;
		};
		54CB660E1DA88F4F00367EC4 /* Resources */ = {
			isa = PBXResourcesBuildPhase;
			buildActionMask = 2147483647;
			files = (
			);
			runOnlyForDeploymentPostprocessing = 0;
		};
/* End PBXResourcesBuildPhase section */

/* Begin PBXSourcesBuildPhase section */
		54CB65E81DA88F4F00367EC4 /* Sources */ = {
			isa = PBXSourcesBuildPhase;
			buildActionMask = 2147483647;
			files = (
				54CB65F71DA88F4F00367EC4 /* ViewController.m in Sources */,
				54CB65F41DA88F4F00367EC4 /* AppDelegate.m in Sources */,
				54CB65F11DA88F4F00367EC4 /* main.m in Sources */,
			);
			runOnlyForDeploymentPostprocessing = 0;
		};
		54CB66011DA88F4F00367EC4 /* Sources */ = {
			isa = PBXSourcesBuildPhase;
			buildActionMask = 2147483647;
			files = (
				54CB660A1DA88F4F00367EC4 /* weekdayTests.m in Sources */,
			);
			runOnlyForDeploymentPostprocessing = 0;
		};
		54CB660C1DA88F4F00367EC4 /* Sources */ = {
			isa = PBXSourcesBuildPhase;
			buildActionMask = 2147483647;
			files = (
				54CB66151DA88F4F00367EC4 /* weekdayUITests.m in Sources */,
			);
			runOnlyForDeploymentPostprocessing = 0;
		};
/* End PBXSourcesBuildPhase section */

/* Begin PBXTargetDependency section */
		54CB66071DA88F4F00367EC4 /* PBXTargetDependency */ = {
			isa = PBXTargetDependency;
			target = 54CB65EB1DA88F4F00367EC4 /* weekday */;
			targetProxy = 54CB66061DA88F4F00367EC4 /* PBXContainerItemProxy */;
		};
		54CB66121DA88F4F00367EC4 /* PBXTargetDependency */ = {
			isa = PBXTargetDependency;
			target = 54CB65EB1DA88F4F00367EC4 /* weekday */;
			targetProxy = 54CB66111DA88F4F00367EC4 /* PBXContainerItemProxy */;
		};
/* End PBXTargetDependency section */

/* Begin PBXVariantGroup section */
		54CB65F81DA88F4F00367EC4 /* Main.storyboard */ = {
			isa = PBXVariantGroup;
			children = (
				54CB65F91DA88F4F00367EC4 /* Base */,
			);
			name = Main.storyboard;
			sourceTree = "<group>";
		};
		54CB65FD1DA88F4F00367EC4 /* LaunchScreen.storyboard */ = {
			isa = PBXVariantGroup;
			children = (
				54CB65FE1DA88F4F00367EC4 /* Base */,
			);
			name = LaunchScreen.storyboard;
			sourceTree = "<group>";
		};
/* End PBXVariantGroup section */

/* Begin XCBuildConfiguration section */
		54CB66171DA88F4F00367EC4 /* Debug */ = {
			isa = XCBuildConfiguration;
			buildSettings = {
				ALWAYS_SEARCH_USER_PATHS = NO;
				CLANG_ANALYZER_NONNULL = YES;
				CLANG_CXX_LANGUAGE_STANDARD = "gnu++0x";
				CLANG_CXX_LIBRARY = "libc++";
				CLANG_ENABLE_MODULES = YES;
				CLANG_ENABLE_OBJC_ARC = YES;
				CLANG_WARN_BOOL_CONVERSION = YES;
				CLANG_WARN_CONSTANT_CONVERSION = YES;
				CLANG_WARN_DIRECT_OBJC_ISA_USAGE = YES_ERROR;
				CLANG_WARN_DOCUMENTATION_COMMENTS = YES;
				CLANG_WARN_EMPTY_BODY = YES;
				CLANG_WARN_ENUM_CONVERSION = YES;
				CLANG_WARN_INFINITE_RECURSION = YES;
				CLANG_WARN_INT_CONVERSION = YES;
				CLANG_WARN_OBJC_ROOT_CLASS = YES_ERROR;
				CLANG_WARN_SUSPICIOUS_MOVES = YES;
				CLANG_WARN_UNREACHABLE_CODE = YES;
				CLANG_WARN__DUPLICATE_METHOD_MATCH = YES;
				"CODE_SIGN_IDENTITY[sdk=iphoneos*]" = "iPhone Developer";
				COPY_PHASE_STRIP = NO;
				DEBUG_INFORMATION_FORMAT = dwarf;
				ENABLE_STRICT_OBJC_MSGSEND = YES;
				ENABLE_TESTABILITY = YES;
				GCC_C_LANGUAGE_STANDARD = gnu99;
				GCC_DYNAMIC_NO_PIC = NO;
				GCC_NO_COMMON_BLOCKS = YES;
				GCC_OPTIMIZATION_LEVEL = 0;
				GCC_PREPROCESSOR_DEFINITIONS = (
					"DEBUG=1",
					"$(inherited)",
				);
				GCC_WARN_64_TO_32_BIT_CONVERSION = YES;
				GCC_WARN_ABOUT_RETURN_TYPE = YES_ERROR;
				GCC_WARN_UNDECLARED_SELECTOR = YES;
				GCC_WARN_UNINITIALIZED_AUTOS = YES_AGGRESSIVE;
				GCC_WARN_UNUSED_FUNCTION = YES;
				GCC_WARN_UNUSED_VARIABLE = YES;
				IPHONEOS_DEPLOYMENT_TARGET = 10.0;
				MTL_ENABLE_DEBUG_INFO = YES;
				ONLY_ACTIVE_ARCH = YES;
				SDKROOT = iphoneos;
				TARGETED_DEVICE_FAMILY = "1,2";
			};
			name = Debug;
		};
		54CB66181DA88F4F00367EC4 /* Release */ = {
			isa = XCBuildConfiguration;
			buildSettings = {
				ALWAYS_SEARCH_USER_PATHS = NO;
				CLANG_ANALYZER_NONNULL = YES;
				CLANG_CXX_LANGUAGE_STANDARD = "gnu++0x";
				CLANG_CXX_LIBRARY = "libc++";
				CLANG_ENABLE_MODULES = YES;
				CLANG_ENABLE_OBJC_ARC = YES;
				CLANG_WARN_BOOL_CONVERSION = YES;
				CLANG_WARN_CONSTANT_CONVERSION = YES;
				CLANG_WARN_DIRECT_OBJC_ISA_USAGE = YES_ERROR;
				CLANG_WARN_DOCUMENTATION_COMMENTS = YES;
				CLANG_WARN_EMPTY_BODY = YES;
				CLANG_WARN_ENUM_CONVERSION = YES;
				CLANG_WARN_INFINITE_RECURSION = YES;
				CLANG_WARN_INT_CONVERSION = YES;
				CLANG_WARN_OBJC_ROOT_CLASS = YES_ERROR;
				CLANG_WARN_SUSPICIOUS_MOVES = YES;
				CLANG_WARN_UNREACHABLE_CODE = YES;
				CLANG_WARN__DUPLICATE_METHOD_MATCH = YES;
				"CODE_SIGN_IDENTITY[sdk=iphoneos*]" = "iPhone Developer";
				COPY_PHASE_STRIP = NO;
				DEBUG_INFORMATION_FORMAT = "dwarf-with-dsym";
				ENABLE_NS_ASSERTIONS = NO;
				ENABLE_STRICT_OBJC_MSGSEND = YES;
				GCC_C_LANGUAGE_STANDARD = gnu99;
				GCC_NO_COMMON_BLOCKS = YES;
				GCC_WARN_64_TO_32_BIT_CONVERSION = YES;
				GCC_WARN_ABOUT_RETURN_TYPE = YES_ERROR;
				GCC_WARN_UNDECLARED_SELECTOR = YES;
				GCC_WARN_UNINITIALIZED_AUTOS = YES_AGGRESSIVE;
				GCC_WARN_UNUSED_FUNCTION = YES;
				GCC_WARN_UNUSED_VARIABLE = YES;
				IPHONEOS_DEPLOYMENT_TARGET = 10.0;
				MTL_ENABLE_DEBUG_INFO = NO;
				SDKROOT = iphoneos;
				TARGETED_DEVICE_FAMILY = "1,2";
				VALIDATE_PRODUCT = YES;
			};
			name = Release;
		};
		54CB661A1DA88F4F00367EC4 /* Debug */ = {
			isa = XCBuildConfiguration;
			buildSettings = {
				ASSETCATALOG_COMPILER_APPICON_NAME = AppIcon;
				DEVELOPMENT_TEAM = X7GF9H7LXU;
				INFOPLIST_FILE = weekday/Info.plist;
				LD_RUNPATH_SEARCH_PATHS = "$(inherited) @executable_path/Frameworks";
				PRODUCT_BUNDLE_IDENTIFIER = cbl.weekday;
				PRODUCT_NAME = "$(TARGET_NAME)";
			};
			name = Debug;
		};
		54CB661B1DA88F4F00367EC4 /* Release */ = {
			isa = XCBuildConfiguration;
			buildSettings = {
				ASSETCATALOG_COMPILER_APPICON_NAME = AppIcon;
				DEVELOPMENT_TEAM = X7GF9H7LXU;
				INFOPLIST_FILE = weekday/Info.plist;
				LD_RUNPATH_SEARCH_PATHS = "$(inherited) @executable_path/Frameworks";
				PRODUCT_BUNDLE_IDENTIFIER = cbl.weekday;
				PRODUCT_NAME = "$(TARGET_NAME)";
			};
			name = Release;
		};
		54CB661D1DA88F4F00367EC4 /* Debug */ = {
			isa = XCBuildConfiguration;
			buildSettings = {
				BUNDLE_LOADER = "$(TEST_HOST)";
				DEVELOPMENT_TEAM = X7GF9H7LXU;
				INFOPLIST_FILE = weekdayTests/Info.plist;
				LD_RUNPATH_SEARCH_PATHS = "$(inherited) @executable_path/Frameworks @loader_path/Frameworks";
				PRODUCT_BUNDLE_IDENTIFIER = cbl.weekdayTests;
				PRODUCT_NAME = "$(TARGET_NAME)";
				TEST_HOST = "$(BUILT_PRODUCTS_DIR)/weekday.app/weekday";
			};
			name = Debug;
		};
		54CB661E1DA88F4F00367EC4 /* Release */ = {
			isa = XCBuildConfiguration;
			buildSettings = {
				BUNDLE_LOADER = "$(TEST_HOST)";
				DEVELOPMENT_TEAM = X7GF9H7LXU;
				INFOPLIST_FILE = weekdayTests/Info.plist;
				LD_RUNPATH_SEARCH_PATHS = "$(inherited) @executable_path/Frameworks @loader_path/Frameworks";
				PRODUCT_BUNDLE_IDENTIFIER = cbl.weekdayTests;
				PRODUCT_NAME = "$(TARGET_NAME)";
				TEST_HOST = "$(BUILT_PRODUCTS_DIR)/weekday.app/weekday";
			};
			name = Release;
		};
		54CB66201DA88F4F00367EC4 /* Debug */ = {
			isa = XCBuildConfiguration;
			buildSettings = {
				DEVELOPMENT_TEAM = X7GF9H7LXU;
				INFOPLIST_FILE = weekdayUITests/Info.plist;
				LD_RUNPATH_SEARCH_PATHS = "$(inherited) @executable_path/Frameworks @loader_path/Frameworks";
				PRODUCT_BUNDLE_IDENTIFIER = cbl.weekdayUITests;
				PRODUCT_NAME = "$(TARGET_NAME)";
				TEST_TARGET_NAME = weekday;
			};
			name = Debug;
		};
		54CB66211DA88F4F00367EC4 /* Release */ = {
			isa = XCBuildConfiguration;
			buildSettings = {
				DEVELOPMENT_TEAM = X7GF9H7LXU;
				INFOPLIST_FILE = weekdayUITests/Info.plist;
				LD_RUNPATH_SEARCH_PATHS = "$(inherited) @executable_path/Frameworks @loader_path/Frameworks";
				PRODUCT_BUNDLE_IDENTIFIER = cbl.weekdayUITests;
				PRODUCT_NAME = "$(TARGET_NAME)";
				TEST_TARGET_NAME = weekday;
			};
			name = Release;
		};
/* End XCBuildConfiguration section */

/* Begin XCConfigurationList section */
		54CB65E71DA88F4F00367EC4 /* Build configuration list for PBXProject "weekday" */ = {
			isa = XCConfigurationList;
			buildConfigurations = (
				54CB66171DA88F4F00367EC4 /* Debug */,
				54CB66181DA88F4F00367EC4 /* Release */,
			);
			defaultConfigurationIsVisible = 0;
			defaultConfigurationName = Release;
		};
		54CB66191DA88F4F00367EC4 /* Build configuration list for PBXNativeTarget "weekday" */ = {
			isa = XCConfigurationList;
			buildConfigurations = (
				54CB661A1DA88F4F00367EC4 /* Debug */,
				54CB661B1DA88F4F00367EC4 /* Release */,
			);
			defaultConfigurationIsVisible = 0;
		};
		54CB661C1DA88F4F00367EC4 /* Build configuration list for PBXNativeTarget "weekdayTests" */ = {
			isa = XCConfigurationList;
			buildConfigurations = (
				54CB661D1DA88F4F00367EC4 /* Debug */,
				54CB661E1DA88F4F00367EC4 /* Release */,
			);
			defaultConfigurationIsVisible = 0;
		};
		54CB661F1DA88F4F00367EC4 /* Build configuration list for PBXNativeTarget "weekdayUITests" */ = {
			isa = XCConfigurationList;
			buildConfigurations = (
				54CB66201DA88F4F00367EC4 /* Debug */,
				54CB66211DA88F4F00367EC4 /* Release */,
			);
			defaultConfigurationIsVisible = 0;
		};
/* End XCConfigurationList section */
	};
	rootObject = 54CB65E41DA88F4F00367EC4 /* Project object */;
}
